// !$*UTF8*$!
{
	archiveVersion = 1;
	classes = {
	};
	objectVersion = 56;
	objects = {

/* Begin PBXBuildFile section */
		AB28952B2B7ECBA0002D2B72 /* AppDelegate.swift in Sources */ = {isa = PBXBuildFile; fileRef = AB28952A2B7ECBA0002D2B72 /* AppDelegate.swift */; };
		AB28952D2B7ECBA0002D2B72 /* SceneDelegate.swift in Sources */ = {isa = PBXBuildFile; fileRef = AB28952C2B7ECBA0002D2B72 /* SceneDelegate.swift */; };
		AB28952F2B7ECBA0002D2B72 /* ViewController.swift in Sources */ = {isa = PBXBuildFile; fileRef = AB28952E2B7ECBA0002D2B72 /* ViewController.swift */; };
		AB2895322B7ECBA0002D2B72 /* Main.storyboard in Resources */ = {isa = PBXBuildFile; fileRef = AB2895302B7ECBA0002D2B72 /* Main.storyboard */; };
		AB2895342B7ECBA3002D2B72 /* Assets.xcassets in Resources */ = {isa = PBXBuildFile; fileRef = AB2895332B7ECBA3002D2B72 /* Assets.xcassets */; };
		AB2895372B7ECBA3002D2B72 /* LaunchScreen.storyboard in Resources */ = {isa = PBXBuildFile; fileRef = AB2895352B7ECBA3002D2B72 /* LaunchScreen.storyboard */; };
		AB2895422B7ECBA3002D2B72 /* Actividad_Lampara_150224Tests.swift in Sources */ = {isa = PBXBuildFile; fileRef = AB2895412B7ECBA3002D2B72 /* Actividad_Lampara_150224Tests.swift */; };
		AB28954C2B7ECBA3002D2B72 /* Actividad_Lampara_150224UITests.swift in Sources */ = {isa = PBXBuildFile; fileRef = AB28954B2B7ECBA3002D2B72 /* Actividad_Lampara_150224UITests.swift */; };
		AB28954E2B7ECBA3002D2B72 /* Actividad_Lampara_150224UITestsLaunchTests.swift in Sources */ = {isa = PBXBuildFile; fileRef = AB28954D2B7ECBA3002D2B72 /* Actividad_Lampara_150224UITestsLaunchTests.swift */; };
/* End PBXBuildFile section */

/* Begin PBXContainerItemProxy section */
		AB28953E2B7ECBA3002D2B72 /* PBXContainerItemProxy */ = {
			isa = PBXContainerItemProxy;
			containerPortal = AB28951F2B7ECBA0002D2B72 /* Project object */;
			proxyType = 1;
			remoteGlobalIDString = AB2895262B7ECBA0002D2B72;
			remoteInfo = "Actividad Lampara 150224";
		};
		AB2895482B7ECBA3002D2B72 /* PBXContainerItemProxy */ = {
			isa = PBXContainerItemProxy;
			containerPortal = AB28951F2B7ECBA0002D2B72 /* Project object */;
			proxyType = 1;
			remoteGlobalIDString = AB2895262B7ECBA0002D2B72;
			remoteInfo = "Actividad Lampara 150224";
		};
/* End PBXContainerItemProxy section */

/* Begin PBXFileReference section */
		AB2895272B7ECBA0002D2B72 /* Actividad Lampara 150224.app */ = {isa = PBXFileReference; explicitFileType = wrapper.application; includeInIndex = 0; path = "Actividad Lampara 150224.app"; sourceTree = BUILT_PRODUCTS_DIR; };
		AB28952A2B7ECBA0002D2B72 /* AppDelegate.swift */ = {isa = PBXFileReference; lastKnownFileType = sourcecode.swift; path = AppDelegate.swift; sourceTree = "<group>"; };
		AB28952C2B7ECBA0002D2B72 /* SceneDelegate.swift */ = {isa = PBXFileReference; lastKnownFileType = sourcecode.swift; path = SceneDelegate.swift; sourceTree = "<group>"; };
		AB28952E2B7ECBA0002D2B72 /* ViewController.swift */ = {isa = PBXFileReference; lastKnownFileType = sourcecode.swift; path = ViewController.swift; sourceTree = "<group>"; };
		AB2895312B7ECBA0002D2B72 /* Base */ = {isa = PBXFileReference; lastKnownFileType = file.storyboard; name = Base; path = Base.lproj/Main.storyboard; sourceTree = "<group>"; };
		AB2895332B7ECBA3002D2B72 /* Assets.xcassets */ = {isa = PBXFileReference; lastKnownFileType = folder.assetcatalog; path = Assets.xcassets; sourceTree = "<group>"; };
		AB2895362B7ECBA3002D2B72 /* Base */ = {isa = PBXFileReference; lastKnownFileType = file.storyboard; name = Base; path = Base.lproj/LaunchScreen.storyboard; sourceTree = "<group>"; };
		AB2895382B7ECBA3002D2B72 /* Info.plist */ = {isa = PBXFileReference; lastKnownFileType = text.plist.xml; path = Info.plist; sourceTree = "<group>"; };
		AB28953D2B7ECBA3002D2B72 /* Actividad Lampara 150224Tests.xctest */ = {isa = PBXFileReference; explicitFileType = wrapper.cfbundle; includeInIndex = 0; path = "Actividad Lampara 150224Tests.xctest"; sourceTree = BUILT_PRODUCTS_DIR; };
		AB2895412B7ECBA3002D2B72 /* Actividad_Lampara_150224Tests.swift */ = {isa = PBXFileReference; lastKnownFileType = sourcecode.swift; path = Actividad_Lampara_150224Tests.swift; sourceTree = "<group>"; };
		AB2895472B7ECBA3002D2B72 /* Actividad Lampara 150224UITests.xctest */ = {isa = PBXFileReference; explicitFileType = wrapper.cfbundle; includeInIndex = 0; path = "Actividad Lampara 150224UITests.xctest"; sourceTree = BUILT_PRODUCTS_DIR; };
		AB28954B2B7ECBA3002D2B72 /* Actividad_Lampara_150224UITests.swift */ = {isa = PBXFileReference; lastKnownFileType = sourcecode.swift; path = Actividad_Lampara_150224UITests.swift; sourceTree = "<group>"; };
		AB28954D2B7ECBA3002D2B72 /* Actividad_Lampara_150224UITestsLaunchTests.swift */ = {isa = PBXFileReference; lastKnownFileType = sourcecode.swift; path = Actividad_Lampara_150224UITestsLaunchTests.swift; sourceTree = "<group>"; };
/* End PBXFileReference section */

/* Begin PBXFrameworksBuildPhase section */
		AB2895242B7ECBA0002D2B72 /* Frameworks */ = {
			isa = PBXFrameworksBuildPhase;
			buildActionMask = 2147483647;
			files = (
			);
			runOnlyForDeploymentPostprocessing = 0;
		};
		AB28953A2B7ECBA3002D2B72 /* Frameworks */ = {
			isa = PBXFrameworksBuildPhase;
			buildActionMask = 2147483647;
			files = (
			);
			runOnlyForDeploymentPostprocessing = 0;
		};
		AB2895442B7ECBA3002D2B72 /* Frameworks */ = {
			isa = PBXFrameworksBuildPhase;
			buildActionMask = 2147483647;
			files = (
			);
			runOnlyForDeploymentPostprocessing = 0;
		};
/* End PBXFrameworksBuildPhase section */

/* Begin PBXGroup section */
		AB28951E2B7ECBA0002D2B72 = {
			isa = PBXGroup;
			children = (
				AB2895292B7ECBA0002D2B72 /* Actividad Lampara 150224 */,
				AB2895402B7ECBA3002D2B72 /* Actividad Lampara 150224Tests */,
				AB28954A2B7ECBA3002D2B72 /* Actividad Lampara 150224UITests */,
				AB2895282B7ECBA0002D2B72 /* Products */,
			);
			sourceTree = "<group>";
		};
		AB2895282B7ECBA0002D2B72 /* Products */ = {
			isa = PBXGroup;
			children = (
				AB2895272B7ECBA0002D2B72 /* Actividad Lampara 150224.app */,
				AB28953D2B7ECBA3002D2B72 /* Actividad Lampara 150224Tests.xctest */,
				AB2895472B7ECBA3002D2B72 /* Actividad Lampara 150224UITests.xctest */,
			);
			name = Products;
			sourceTree = "<group>";
		};
		AB2895292B7ECBA0002D2B72 /* Actividad Lampara 150224 */ = {
			isa = PBXGroup;
			children = (
				AB28952A2B7ECBA0002D2B72 /* AppDelegate.swift */,
				AB28952C2B7ECBA0002D2B72 /* SceneDelegate.swift */,
				AB28952E2B7ECBA0002D2B72 /* ViewController.swift */,
				AB2895302B7ECBA0002D2B72 /* Main.storyboard */,
				AB2895332B7ECBA3002D2B72 /* Assets.xcassets */,
				AB2895352B7ECBA3002D2B72 /* LaunchScreen.storyboard */,
				AB2895382B7ECBA3002D2B72 /* Info.plist */,
			);
			path = "Actividad Lampara 150224";
			sourceTree = "<group>";
		};
		AB2895402B7ECBA3002D2B72 /* Actividad Lampara 150224Tests */ = {
			isa = PBXGroup;
			children = (
				AB2895412B7ECBA3002D2B72 /* Actividad_Lampara_150224Tests.swift */,
			);
			path = "Actividad Lampara 150224Tests";
			sourceTree = "<group>";
		};
		AB28954A2B7ECBA3002D2B72 /* Actividad Lampara 150224UITests */ = {
			isa = PBXGroup;
			children = (
				AB28954B2B7ECBA3002D2B72 /* Actividad_Lampara_150224UITests.swift */,
				AB28954D2B7ECBA3002D2B72 /* Actividad_Lampara_150224UITestsLaunchTests.swift */,
			);
			path = "Actividad Lampara 150224UITests";
			sourceTree = "<group>";
		};
/* End PBXGroup section */

/* Begin PBXNativeTarget section */
		AB2895262B7ECBA0002D2B72 /* Actividad Lampara 150224 */ = {
			isa = PBXNativeTarget;
			buildConfigurationList = AB2895512B7ECBA3002D2B72 /* Build configuration list for PBXNativeTarget "Actividad Lampara 150224" */;
			buildPhases = (
				AB2895232B7ECBA0002D2B72 /* Sources */,
				AB2895242B7ECBA0002D2B72 /* Frameworks */,
				AB2895252B7ECBA0002D2B72 /* Resources */,
			);
			buildRules = (
			);
			dependencies = (
			);
			name = "Actividad Lampara 150224";
			productName = "Actividad Lampara 150224";
			productReference = AB2895272B7ECBA0002D2B72 /* Actividad Lampara 150224.app */;
			productType = "com.apple.product-type.application";
		};
		AB28953C2B7ECBA3002D2B72 /* Actividad Lampara 150224Tests */ = {
			isa = PBXNativeTarget;
			buildConfigurationList = AB2895542B7ECBA3002D2B72 /* Build configuration list for PBXNativeTarget "Actividad Lampara 150224Tests" */;
			buildPhases = (
				AB2895392B7ECBA3002D2B72 /* Sources */,
				AB28953A2B7ECBA3002D2B72 /* Frameworks */,
				AB28953B2B7ECBA3002D2B72 /* Resources */,
			);
			buildRules = (
			);
			dependencies = (
				AB28953F2B7ECBA3002D2B72 /* PBXTargetDependency */,
			);
			name = "Actividad Lampara 150224Tests";
			productName = "Actividad Lampara 150224Tests";
			productReference = AB28953D2B7ECBA3002D2B72 /* Actividad Lampara 150224Tests.xctest */;
			productType = "com.apple.product-type.bundle.unit-test";
		};
		AB2895462B7ECBA3002D2B72 /* Actividad Lampara 150224UITests */ = {
			isa = PBXNativeTarget;
			buildConfigurationList = AB2895572B7ECBA3002D2B72 /* Build configuration list for PBXNativeTarget "Actividad Lampara 150224UITests" */;
			buildPhases = (
				AB2895432B7ECBA3002D2B72 /* Sources */,
				AB2895442B7ECBA3002D2B72 /* Frameworks */,
				AB2895452B7ECBA3002D2B72 /* Resources */,
			);
			buildRules = (
			);
			dependencies = (
				AB2895492B7ECBA3002D2B72 /* PBXTargetDependency */,
			);
			name = "Actividad Lampara 150224UITests";
			productName = "Actividad Lampara 150224UITests";
			productReference = AB2895472B7ECBA3002D2B72 /* Actividad Lampara 150224UITests.xctest */;
			productType = "com.apple.product-type.bundle.ui-testing";
		};
/* End PBXNativeTarget section */

/* Begin PBXProject section */
		AB28951F2B7ECBA0002D2B72 /* Project object */ = {
			isa = PBXProject;
			attributes = {
				BuildIndependentTargetsInParallel = 1;
				LastSwiftUpdateCheck = 1420;
				LastUpgradeCheck = 1420;
				TargetAttributes = {
					AB2895262B7ECBA0002D2B72 = {
						CreatedOnToolsVersion = 14.2;
					};
					AB28953C2B7ECBA3002D2B72 = {
						CreatedOnToolsVersion = 14.2;
						TestTargetID = AB2895262B7ECBA0002D2B72;
					};
					AB2895462B7ECBA3002D2B72 = {
						CreatedOnToolsVersion = 14.2;
						TestTargetID = AB2895262B7ECBA0002D2B72;
					};
				};
			};
			buildConfigurationList = AB2895222B7ECBA0002D2B72 /* Build configuration list for PBXProject "Actividad Lampara 150224" */;
			compatibilityVersion = "Xcode 14.0";
			developmentRegion = en;
			hasScannedForEncodings = 0;
			knownRegions = (
				en,
				Base,
			);
			mainGroup = AB28951E2B7ECBA0002D2B72;
			productRefGroup = AB2895282B7ECBA0002D2B72 /* Products */;
			projectDirPath = "";
			projectRoot = "";
			targets = (
				AB2895262B7ECBA0002D2B72 /* Actividad Lampara 150224 */,
				AB28953C2B7ECBA3002D2B72 /* Actividad Lampara 150224Tests */,
				AB2895462B7ECBA3002D2B72 /* Actividad Lampara 150224UITests */,
			);
		};
/* End PBXProject section */

/* Begin PBXResourcesBuildPhase section */
		AB2895252B7ECBA0002D2B72 /* Resources */ = {
			isa = PBXResourcesBuildPhase;
			buildActionMask = 2147483647;
			files = (
				AB2895372B7ECBA3002D2B72 /* LaunchScreen.storyboard in Resources */,
				AB2895342B7ECBA3002D2B72 /* Assets.xcassets in Resources */,
				AB2895322B7ECBA0002D2B72 /* Main.storyboard in Resources */,
			);
			runOnlyForDeploymentPostprocessing = 0;
		};
		AB28953B2B7ECBA3002D2B72 /* Resources */ = {
			isa = PBXResourcesBuildPhase;
			buildActionMask = 2147483647;
			files = (
			);
			runOnlyForDeploymentPostprocessing = 0;
		};
		AB2895452B7ECBA3002D2B72 /* Resources */ = {
			isa = PBXResourcesBuildPhase;
			buildActionMask = 2147483647;
			files = (
			);
			runOnlyForDeploymentPostprocessing = 0;
		};
/* End PBXResourcesBuildPhase section */

/* Begin PBXSourcesBuildPhase section */
		AB2895232B7ECBA0002D2B72 /* Sources */ = {
			isa = PBXSourcesBuildPhase;
			buildActionMask = 2147483647;
			files = (
				AB28952F2B7ECBA0002D2B72 /* ViewController.swift in Sources */,
				AB28952B2B7ECBA0002D2B72 /* AppDelegate.swift in Sources */,
				AB28952D2B7ECBA0002D2B72 /* SceneDelegate.swift in Sources */,
			);
			runOnlyForDeploymentPostprocessing = 0;
		};
		AB2895392B7ECBA3002D2B72 /* Sources */ = {
			isa = PBXSourcesBuildPhase;
			buildActionMask = 2147483647;
			files = (
				AB2895422B7ECBA3002D2B72 /* Actividad_Lampara_150224Tests.swift in Sources */,
			);
			runOnlyForDeploymentPostprocessing = 0;
		};
		AB2895432B7ECBA3002D2B72 /* Sources */ = {
			isa = PBXSourcesBuildPhase;
			buildActionMask = 2147483647;
			files = (
				AB28954C2B7ECBA3002D2B72 /* Actividad_Lampara_150224UITests.swift in Sources */,
				AB28954E2B7ECBA3002D2B72 /* Actividad_Lampara_150224UITestsLaunchTests.swift in Sources */,
			);
			runOnlyForDeploymentPostprocessing = 0;
		};
/* End PBXSourcesBuildPhase section */

/* Begin PBXTargetDependency section */
		AB28953F2B7ECBA3002D2B72 /* PBXTargetDependency */ = {
			isa = PBXTargetDependency;
			target = AB2895262B7ECBA0002D2B72 /* Actividad Lampara 150224 */;
			targetProxy = AB28953E2B7ECBA3002D2B72 /* PBXContainerItemProxy */;
		};
		AB2895492B7ECBA3002D2B72 /* PBXTargetDependency */ = {
			isa = PBXTargetDependency;
			target = AB2895262B7ECBA0002D2B72 /* Actividad Lampara 150224 */;
			targetProxy = AB2895482B7ECBA3002D2B72 /* PBXContainerItemProxy */;
		};
/* End PBXTargetDependency section */

/* Begin PBXVariantGroup section */
		AB2895302B7ECBA0002D2B72 /* Main.storyboard */ = {
			isa = PBXVariantGroup;
			children = (
				AB2895312B7ECBA0002D2B72 /* Base */,
			);
			name = Main.storyboard;
			sourceTree = "<group>";
		};
		AB2895352B7ECBA3002D2B72 /* LaunchScreen.storyboard */ = {
			isa = PBXVariantGroup;
			children = (
				AB2895362B7ECBA3002D2B72 /* Base */,
			);
			name = LaunchScreen.storyboard;
			sourceTree = "<group>";
		};
/* End PBXVariantGroup section */

/* Begin XCBuildConfiguration section */
		AB28954F2B7ECBA3002D2B72 /* Debug */ = {
			isa = XCBuildConfiguration;
			buildSettings = {
				ALWAYS_SEARCH_USER_PATHS = NO;
				CLANG_ANALYZER_NONNULL = YES;
				CLANG_ANALYZER_NUMBER_OBJECT_CONVERSION = YES_AGGRESSIVE;
				CLANG_CXX_LANGUAGE_STANDARD = "gnu++20";
				CLANG_ENABLE_MODULES = YES;
				CLANG_ENABLE_OBJC_ARC = YES;
				CLANG_ENABLE_OBJC_WEAK = YES;
				CLANG_WARN_BLOCK_CAPTURE_AUTORELEASING = YES;
				CLANG_WARN_BOOL_CONVERSION = YES;
				CLANG_WARN_COMMA = YES;
				CLANG_WARN_CONSTANT_CONVERSION = YES;
				CLANG_WARN_DEPRECATED_OBJC_IMPLEMENTATIONS = YES;
				CLANG_WARN_DIRECT_OBJC_ISA_USAGE = YES_ERROR;
				CLANG_WARN_DOCUMENTATION_COMMENTS = YES;
				CLANG_WARN_EMPTY_BODY = YES;
				CLANG_WARN_ENUM_CONVERSION = YES;
				CLANG_WARN_INFINITE_RECURSION = YES;
				CLANG_WARN_INT_CONVERSION = YES;
				CLANG_WARN_NON_LITERAL_NULL_CONVERSION = YES;
				CLANG_WARN_OBJC_IMPLICIT_RETAIN_SELF = YES;
				CLANG_WARN_OBJC_LITERAL_CONVERSION = YES;
				CLANG_WARN_OBJC_ROOT_CLASS = YES_ERROR;
				CLANG_WARN_QUOTED_INCLUDE_IN_FRAMEWORK_HEADER = YES;
				CLANG_WARN_RANGE_LOOP_ANALYSIS = YES;
				CLANG_WARN_STRICT_PROTOTYPES = YES;
				CLANG_WARN_SUSPICIOUS_MOVE = YES;
				CLANG_WARN_UNGUARDED_AVAILABILITY = YES_AGGRESSIVE;
				CLANG_WARN_UNREACHABLE_CODE = YES;
				CLANG_WARN__DUPLICATE_METHOD_MATCH = YES;
				COPY_PHASE_STRIP = NO;
				DEBUG_INFORMATION_FORMAT = dwarf;
				ENABLE_STRICT_OBJC_MSGSEND = YES;
				ENABLE_TESTABILITY = YES;
				GCC_C_LANGUAGE_STANDARD = gnu11;
				GCC_DYNAMIC_NO_PIC = NO;
				GCC_NO_COMMON_BLOCKS = YES;
				GCC_OPTIMIZATION_LEVEL = 0;
				GCC_PREPROCESSOR_DEFINITIONS = (
					"DEBUG=1",
					"$(inherited)",
				);
				GCC_WARN_64_TO_32_BIT_CONVERSION = YES;
				GCC_WARN_ABOUT_RETURN_TYPE = YES_ERROR;
				GCC_WARN_UNDECLARED_SELECTOR = YES;
				GCC_WARN_UNINITIALIZED_AUTOS = YES_AGGRESSIVE;
				GCC_WARN_UNUSED_FUNCTION = YES;
				GCC_WARN_UNUSED_VARIABLE = YES;
				IPHONEOS_DEPLOYMENT_TARGET = 16.2;
				MTL_ENABLE_DEBUG_INFO = INCLUDE_SOURCE;
				MTL_FAST_MATH = YES;
				ONLY_ACTIVE_ARCH = YES;
				SDKROOT = iphoneos;
				SWIFT_ACTIVE_COMPILATION_CONDITIONS = DEBUG;
				SWIFT_OPTIMIZATION_LEVEL = "-Onone";
			};
			name = Debug;
		};
		AB2895502B7ECBA3002D2B72 /* Release */ = {
			isa = XCBuildConfiguration;
			buildSettings = {
				ALWAYS_SEARCH_USER_PATHS = NO;
				CLANG_ANALYZER_NONNULL = YES;
				CLANG_ANALYZER_NUMBER_OBJECT_CONVERSION = YES_AGGRESSIVE;
				CLANG_CXX_LANGUAGE_STANDARD = "gnu++20";
				CLANG_ENABLE_MODULES = YES;
				CLANG_ENABLE_OBJC_ARC = YES;
				CLANG_ENABLE_OBJC_WEAK = YES;
				CLANG_WARN_BLOCK_CAPTURE_AUTORELEASING = YES;
				CLANG_WARN_BOOL_CONVERSION = YES;
				CLANG_WARN_COMMA = YES;
				CLANG_WARN_CONSTANT_CONVERSION = YES;
				CLANG_WARN_DEPRECATED_OBJC_IMPLEMENTATIONS = YES;
				CLANG_WARN_DIRECT_OBJC_ISA_USAGE = YES_ERROR;
				CLANG_WARN_DOCUMENTATION_COMMENTS = YES;
				CLANG_WARN_EMPTY_BODY = YES;
				CLANG_WARN_ENUM_CONVERSION = YES;
				CLANG_WARN_INFINITE_RECURSION = YES;
				CLANG_WARN_INT_CONVERSION = YES;
				CLANG_WARN_NON_LITERAL_NULL_CONVERSION = YES;
				CLANG_WARN_OBJC_IMPLICIT_RETAIN_SELF = YES;
				CLANG_WARN_OBJC_LITERAL_CONVERSION = YES;
				CLANG_WARN_OBJC_ROOT_CLASS = YES_ERROR;
				CLANG_WARN_QUOTED_INCLUDE_IN_FRAMEWORK_HEADER = YES;
				CLANG_WARN_RANGE_LOOP_ANALYSIS = YES;
				CLANG_WARN_STRICT_PROTOTYPES = YES;
				CLANG_WARN_SUSPICIOUS_MOVE = YES;
				CLANG_WARN_UNGUARDED_AVAILABILITY = YES_AGGRESSIVE;
				CLANG_WARN_UNREACHABLE_CODE = YES;
				CLANG_WARN__DUPLICATE_METHOD_MATCH = YES;
				COPY_PHASE_STRIP = NO;
				DEBUG_INFORMATION_FORMAT = "dwarf-with-dsym";
				ENABLE_NS_ASSERTIONS = NO;
				ENABLE_STRICT_OBJC_MSGSEND = YES;
				GCC_C_LANGUAGE_STANDARD = gnu11;
				GCC_NO_COMMON_BLOCKS = YES;
				GCC_WARN_64_TO_32_BIT_CONVERSION = YES;
				GCC_WARN_ABOUT_RETURN_TYPE = YES_ERROR;
				GCC_WARN_UNDECLARED_SELECTOR = YES;
				GCC_WARN_UNINITIALIZED_AUTOS = YES_AGGRESSIVE;
				GCC_WARN_UNUSED_FUNCTION = YES;
				GCC_WARN_UNUSED_VARIABLE = YES;
				IPHONEOS_DEPLOYMENT_TARGET = 16.2;
				MTL_ENABLE_DEBUG_INFO = NO;
				MTL_FAST_MATH = YES;
				SDKROOT = iphoneos;
				SWIFT_COMPILATION_MODE = wholemodule;
				SWIFT_OPTIMIZATION_LEVEL = "-O";
				VALIDATE_PRODUCT = YES;
			};
			name = Release;
		};
		AB2895522B7ECBA3002D2B72 /* Debug */ = {
			isa = XCBuildConfiguration;
			buildSettings = {
				ASSETCATALOG_COMPILER_APPICON_NAME = AppIcon;
				ASSETCATALOG_COMPILER_GLOBAL_ACCENT_COLOR_NAME = AccentColor;
				CODE_SIGN_STYLE = Automatic;
				CURRENT_PROJECT_VERSION = 1;
				GENERATE_INFOPLIST_FILE = YES;
				INFOPLIST_FILE = "Actividad Lampara 150224/Info.plist";
				INFOPLIST_KEY_UIApplicationSupportsIndirectInputEvents = YES;
				INFOPLIST_KEY_UILaunchStoryboardName = LaunchScreen;
				INFOPLIST_KEY_UIMainStoryboardFile = Main;
				INFOPLIST_KEY_UISupportedInterfaceOrientations_iPad = "UIInterfaceOrientationPortrait UIInterfaceOrientationPortraitUpsideDown UIInterfaceOrientationLandscapeLeft UIInterfaceOrientationLandscapeRight";
				INFOPLIST_KEY_UISupportedInterfaceOrientations_iPhone = "UIInterfaceOrientationPortrait UIInterfaceOrientationLandscapeLeft UIInterfaceOrientationLandscapeRight";
				LD_RUNPATH_SEARCH_PATHS = (
					"$(inherited)",
					"@executable_path/Frameworks",
				);
				MARKETING_VERSION = 1.0;
				PRODUCT_BUNDLE_IDENTIFIER = "PruebaAdrn1.Actividad-Lampara-150224";
				PRODUCT_NAME = "$(TARGET_NAME)";
				SWIFT_EMIT_LOC_STRINGS = YES;
				SWIFT_VERSION = 5.0;
				TARGETED_DEVICE_FAMILY = "1,2";
			};
			name = Debug;
		};
		AB2895532B7ECBA3002D2B72 /* Release */ = {
			isa = XCBuildConfiguration;
			buildSettings = {
				ASSETCATALOG_COMPILER_APPICON_NAME = AppIcon;
				ASSETCATALOG_COMPILER_GLOBAL_ACCENT_COLOR_NAME = AccentColor;
				CODE_SIGN_STYLE = Automatic;
				CURRENT_PROJECT_VERSION = 1;
				GENERATE_INFOPLIST_FILE = YES;
				INFOPLIST_FILE = "Actividad Lampara 150224/Info.plist";
				INFOPLIST_KEY_UIApplicationSupportsIndirectInputEvents = YES;
				INFOPLIST_KEY_UILaunchStoryboardName = LaunchScreen;
				INFOPLIST_KEY_UIMainStoryboardFile = Main;
				INFOPLIST_KEY_UISupportedInterfaceOrientations_iPad = "UIInterfaceOrientationPortrait UIInterfaceOrientationPortraitUpsideDown UIInterfaceOrientationLandscapeLeft UIInterfaceOrientationLandscapeRight";
				INFOPLIST_KEY_UISupportedInterfaceOrientations_iPhone = "UIInterfaceOrientationPortrait UIInterfaceOrientationLandscapeLeft UIInterfaceOrientationLandscapeRight";
				LD_RUNPATH_SEARCH_PATHS = (
					"$(inherited)",
					"@executable_path/Frameworks",
				);
				MARKETING_VERSION = 1.0;
				PRODUCT_BUNDLE_IDENTIFIER = "PruebaAdrn1.Actividad-Lampara-150224";
				PRODUCT_NAME = "$(TARGET_NAME)";
				SWIFT_EMIT_LOC_STRINGS = YES;
				SWIFT_VERSION = 5.0;
				TARGETED_DEVICE_FAMILY = "1,2";
			};
			name = Release;
		};
		AB2895552B7ECBA3002D2B72 /* Debug */ = {
			isa = XCBuildConfiguration;
			buildSettings = {
				ALWAYS_EMBED_SWIFT_STANDARD_LIBRARIES = YES;
				BUNDLE_LOADER = "$(TEST_HOST)";
				CODE_SIGN_STYLE = Automatic;
				CURRENT_PROJECT_VERSION = 1;
				GENERATE_INFOPLIST_FILE = YES;
				IPHONEOS_DEPLOYMENT_TARGET = 16.2;
				MARKETING_VERSION = 1.0;
				PRODUCT_BUNDLE_IDENTIFIER = "PruebaAdrn1.Actividad-Lampara-150224Tests";
				PRODUCT_NAME = "$(TARGET_NAME)";
				SWIFT_EMIT_LOC_STRINGS = NO;
				SWIFT_VERSION = 5.0;
				TARGETED_DEVICE_FAMILY = "1,2";
				TEST_HOST = "$(BUILT_PRODUCTS_DIR)/Actividad Lampara 150224.app/$(BUNDLE_EXECUTABLE_FOLDER_PATH)/Actividad Lampara 150224";
			};
			name = Debug;
		};
		AB2895562B7ECBA3002D2B72 /* Release */ = {
			isa = XCBuildConfiguration;
			buildSettings = {
				ALWAYS_EMBED_SWIFT_STANDARD_LIBRARIES = YES;
				BUNDLE_LOADER = "$(TEST_HOST)";
				CODE_SIGN_STYLE = Automatic;
				CURRENT_PROJECT_VERSION = 1;
				GENERATE_INFOPLIST_FILE = YES;
				IPHONEOS_DEPLOYMENT_TARGET = 16.2;
				MARKETING_VERSION = 1.0;
				PRODUCT_BUNDLE_IDENTIFIER = "PruebaAdrn1.Actividad-Lampara-150224Tests";
				PRODUCT_NAME = "$(TARGET_NAME)";
				SWIFT_EMIT_LOC_STRINGS = NO;
				SWIFT_VERSION = 5.0;
				TARGETED_DEVICE_FAMILY = "1,2";
				TEST_HOST = "$(BUILT_PRODUCTS_DIR)/Actividad Lampara 150224.app/$(BUNDLE_EXECUTABLE_FOLDER_PATH)/Actividad Lampara 150224";
			};
			name = Release;
		};
		AB2895582B7ECBA3002D2B72 /* Debug */ = {
			isa = XCBuildConfiguration;
			buildSettings = {
				ALWAYS_EMBED_SWIFT_STANDARD_LIBRARIES = YES;
				CODE_SIGN_STYLE = Automatic;
				CURRENT_PROJECT_VERSION = 1;
				GENERATE_INFOPLIST_FILE = YES;
				MARKETING_VERSION = 1.0;
				PRODUCT_BUNDLE_IDENTIFIER = "PruebaAdrn1.Actividad-Lampara-150224UITests";
				PRODUCT_NAME = "$(TARGET_NAME)";
				SWIFT_EMIT_LOC_STRINGS = NO;
				SWIFT_VERSION = 5.0;
				TARGETED_DEVICE_FAMILY = "1,2";
				TEST_TARGET_NAME = "Actividad Lampara 150224";
			};
			name = Debug;
		};
		AB2895592B7ECBA3002D2B72 /* Release */ = {
			isa = XCBuildConfiguration;
			buildSettings = {
				ALWAYS_EMBED_SWIFT_STANDARD_LIBRARIES = YES;
				CODE_SIGN_STYLE = Automatic;
				CURRENT_PROJECT_VERSION = 1;
				GENERATE_INFOPLIST_FILE = YES;
				MARKETING_VERSION = 1.0;
				PRODUCT_BUNDLE_IDENTIFIER = "PruebaAdrn1.Actividad-Lampara-150224UITests";
				PRODUCT_NAME = "$(TARGET_NAME)";
				SWIFT_EMIT_LOC_STRINGS = NO;
				SWIFT_VERSION = 5.0;
				TARGETED_DEVICE_FAMILY = "1,2";
				TEST_TARGET_NAME = "Actividad Lampara 150224";
			};
			name = Release;
		};
/* End XCBuildConfiguration section */

/* Begin XCConfigurationList section */
		AB2895222B7ECBA0002D2B72 /* Build configuration list for PBXProject "Actividad Lampara 150224" */ = {
			isa = XCConfigurationList;
			buildConfigurations = (
				AB28954F2B7ECBA3002D2B72 /* Debug */,
				AB2895502B7ECBA3002D2B72 /* Release */,
			);
			defaultConfigurationIsVisible = 0;
			defaultConfigurationName = Release;
		};
		AB2895512B7ECBA3002D2B72 /* Build configuration list for PBXNativeTarget "Actividad Lampara 150224" */ = {
			isa = XCConfigurationList;
			buildConfigurations = (
				AB2895522B7ECBA3002D2B72 /* Debug */,
				AB2895532B7ECBA3002D2B72 /* Release */,
			);
			defaultConfigurationIsVisible = 0;
			defaultConfigurationName = Release;
		};
		AB2895542B7ECBA3002D2B72 /* Build configuration list for PBXNativeTarget "Actividad Lampara 150224Tests" */ = {
			isa = XCConfigurationList;
			buildConfigurations = (
				AB2895552B7ECBA3002D2B72 /* Debug */,
				AB2895562B7ECBA3002D2B72 /* Release */,
			);
			defaultConfigurationIsVisible = 0;
			defaultConfigurationName = Release;
		};
		AB2895572B7ECBA3002D2B72 /* Build configuration list for PBXNativeTarget "Actividad Lampara 150224UITests" */ = {
			isa = XCConfigurationList;
			buildConfigurations = (
				AB2895582B7ECBA3002D2B72 /* Debug */,
				AB2895592B7ECBA3002D2B72 /* Release */,
			);
			defaultConfigurationIsVisible = 0;
			defaultConfigurationName = Release;
		};
/* End XCConfigurationList section */
	};
	rootObject = AB28951F2B7ECBA0002D2B72 /* Project object */;
}
